
Microsoft Visual Studio Solution File, Format Version 12.00
# Visual Studio Version 17
VisualStudioVersion = 17.1.32421.90
MinimumVisualStudioVersion = 10.0.40219.1
Project("{FAE04EC0-301F-11D3-BF4B-00C04F79EFBC}") = "SplitterWindow", "SplitterWindow\SplitterWindow.csproj", "{480D78F9-C46C-413B-8D3A-1C6C2B8FC923}"
EndProject
Global
	GlobalSection(SolutionConfigurationPlatforms) = preSolution
		Debug|Any CPU = Debug|Any CPU
		Release|Any CPU = Release|Any CPU
	EndGlobalSection
	GlobalSection(ProjectConfigurationPlatforms) = postSolution
		{480D78F9-C46C-413B-8D3A-1C6C2B8FC923}.Debug|Any CPU.ActiveCfg = Debug|Any CPU
		{480D78F9-C46C-413B-8D3A-1C6C2B8FC923}.Debug|Any CPU.Build.0 = Debug|Any CPU
		{480D78F9-C46C-413B-8D3A-1C6C2B8FC923}.Release|Any CPU.ActiveCfg = Release|Any CPU
		{480D78F9-C46C-413B-8D3A-1C6C2B8FC923}.Release|Any CPU.Build.0 = Release|Any CPU
	EndGlobalSection
	GlobalSection(SolutionProperties) = preSolution
		HideSolutionNode = FALSE
	EndGlobalSection
	GlobalSection(ExtensibilityGlobals) = postSolution
		SolutionGuid = {2272F334-9DAC-4DB1-8434-745129016B15}
	EndGlobalSection
EndGlobal
