
Microsoft Visual Studio Solution File, Format Version 12.00
# Visual Studio Version 17
VisualStudioVersion = 17.7.34202.233
MinimumVisualStudioVersion = 10.0.40219.1
Project("{FAE04EC0-301F-11D3-BF4B-00C04F79EFBC}") = "Kanban", "Kanban\Kanban.csproj", "{3B1EECFA-F945-4A62-9B44-555982EF8B39}"
EndProject
Global
	GlobalSection(SolutionConfigurationPlatforms) = preSolution
		Debug|Any CPU = Debug|Any CPU
		Release|Any CPU = Release|Any CPU
	EndGlobalSection
	GlobalSection(ProjectConfigurationPlatforms) = postSolution
		{3B1EECFA-F945-4A62-9B44-555982EF8B39}.Debug|Any CPU.ActiveCfg = Debug|Any CPU
		{3B1EECFA-F945-4A62-9B44-555982EF8B39}.Debug|Any CPU.Build.0 = Debug|Any CPU
		{3B1EECFA-F945-4A62-9B44-555982EF8B39}.Release|Any CPU.ActiveCfg = Release|Any CPU
		{3B1EECFA-F945-4A62-9B44-555982EF8B39}.Release|Any CPU.Build.0 = Release|Any CPU
	EndGlobalSection
	GlobalSection(SolutionProperties) = preSolution
		HideSolutionNode = FALSE
	EndGlobalSection
	GlobalSection(ExtensibilityGlobals) = postSolution
		SolutionGuid = {528BAA1A-A2B7-491C-A414-1CE4E340F7CD}
	EndGlobalSection
EndGlobal
