
Microsoft Visual Studio Solution File, Format Version 12.00
# Visual Studio Version 17
VisualStudioVersion = 17.4.33213.308
MinimumVisualStudioVersion = 10.0.40219.1
Project("{FAE04EC0-301F-11D3-BF4B-00C04F79EFBC}") = "HorizontalGroupPanel", "HorizontalGroupPanel\HorizontalGroupPanel.csproj", "{FE57E848-447E-47E7-AA75-DC3C010D1BAA}"
EndProject
Global
	GlobalSection(SolutionConfigurationPlatforms) = preSolution
		Debug|Any CPU = Debug|Any CPU
		Release|Any CPU = Release|Any CPU
	EndGlobalSection
	GlobalSection(ProjectConfigurationPlatforms) = postSolution
		{FE57E848-447E-47E7-AA75-DC3C010D1BAA}.Debug|Any CPU.ActiveCfg = Debug|Any CPU
		{FE57E848-447E-47E7-AA75-DC3C010D1BAA}.Debug|Any CPU.Build.0 = Debug|Any CPU
		{FE57E848-447E-47E7-AA75-DC3C010D1BAA}.Release|Any CPU.ActiveCfg = Release|Any CPU
		{FE57E848-447E-47E7-AA75-DC3C010D1BAA}.Release|Any CPU.Build.0 = Release|Any CPU
	EndGlobalSection
	GlobalSection(SolutionProperties) = preSolution
		HideSolutionNode = FALSE
	EndGlobalSection
	GlobalSection(ExtensibilityGlobals) = postSolution
		SolutionGuid = {A7250795-3E79-4D3B-8C04-21A8BE772631}
	EndGlobalSection
EndGlobal
