
Microsoft Visual Studio Solution File, Format Version 12.00
# Visual Studio Version 17
VisualStudioVersion = 17.7.34221.43
MinimumVisualStudioVersion = 10.0.40219.1
Project("{FAE04EC0-301F-11D3-BF4B-00C04F79EFBC}") = "ScrollToSelectedItem", "ScrollToSelectedItem\ScrollToSelectedItem.csproj", "{2918AED0-FEB4-4EE8-B72D-DC4C1B7E287A}"
EndProject
Global
	GlobalSection(SolutionConfigurationPlatforms) = preSolution
		Debug|Any CPU = Debug|Any CPU
		Release|Any CPU = Release|Any CPU
	EndGlobalSection
	GlobalSection(ProjectConfigurationPlatforms) = postSolution
		{2918AED0-FEB4-4EE8-B72D-DC4C1B7E287A}.Debug|Any CPU.ActiveCfg = Debug|Any CPU
		{2918AED0-FEB4-4EE8-B72D-DC4C1B7E287A}.Debug|Any CPU.Build.0 = Debug|Any CPU
		{2918AED0-FEB4-4EE8-B72D-DC4C1B7E287A}.Release|Any CPU.ActiveCfg = Release|Any CPU
		{2918AED0-FEB4-4EE8-B72D-DC4C1B7E287A}.Release|Any CPU.Build.0 = Release|Any CPU
	EndGlobalSection
	GlobalSection(SolutionProperties) = preSolution
		HideSolutionNode = FALSE
	EndGlobalSection
	GlobalSection(ExtensibilityGlobals) = postSolution
		SolutionGuid = {4A80771B-A543-439C-ADF0-64DB2A3D5AA7}
	EndGlobalSection
EndGlobal
